
Microsoft Visual Studio Solution File, Format Version 12.00
# Visual Studio Version 17
VisualStudioVersion = 17.14.36429.23
MinimumVisualStudioVersion = 10.0.40219.1
Project("{FAE04EC0-301F-11D3-BF4B-00C04F79EFBC}") = "1-IntroducaoAColecoes", "DataManipulation\1-IntroducaoAColecoes.csproj", "{27505507-ABF0-4862-9B17-377EFBF6084A}"
EndProject
Project("{FAE04EC0-301F-11D3-BF4B-00C04F79EFBC}") = "2-OperacoesEmColecoes", "2-OperacoesEmColecoes\2-OperacoesEmColecoes.csproj", "{3418F614-C6D1-4176-AA25-0687CA9629C1}"
EndProject
Global
	GlobalSection(SolutionConfigurationPlatforms) = preSolution
		Debug|Any CPU = Debug|Any CPU
		Release|Any CPU = Release|Any CPU
	EndGlobalSection
	GlobalSection(ProjectConfigurationPlatforms) = postSolution
		{27505507-ABF0-4862-9B17-377EFBF6084A}.Debug|Any CPU.ActiveCfg = Debug|Any CPU
		{27505507-ABF0-4862-9B17-377EFBF6084A}.Debug|Any CPU.Build.0 = Debug|Any CPU
		{27505507-ABF0-4862-9B17-377EFBF6084A}.Release|Any CPU.ActiveCfg = Release|Any CPU
		{27505507-ABF0-4862-9B17-377EFBF6084A}.Release|Any CPU.Build.0 = Release|Any CPU
		{3418F614-C6D1-4176-AA25-0687CA9629C1}.Debug|Any CPU.ActiveCfg = Debug|Any CPU
		{3418F614-C6D1-4176-AA25-0687CA9629C1}.Debug|Any CPU.Build.0 = Debug|Any CPU
		{3418F614-C6D1-4176-AA25-0687CA9629C1}.Release|Any CPU.ActiveCfg = Release|Any CPU
		{3418F614-C6D1-4176-AA25-0687CA9629C1}.Release|Any CPU.Build.0 = Release|Any CPU
	EndGlobalSection
	GlobalSection(SolutionProperties) = preSolution
		HideSolutionNode = FALSE
	EndGlobalSection
	GlobalSection(ExtensibilityGlobals) = postSolution
		SolutionGuid = {9C8F3139-BD41-4FAF-A564-43BCF58506F3}
	EndGlobalSection
EndGlobal
